// !$*UTF8*$!
{
	archiveVersion = 1;
	classes = {
	};
	objectVersion = 46;
	objects = {

/* Begin PBXBuildFile section */
		2AC1C6F616F919DA00D58A53 /* CoreData.framework in Frameworks */ = {isa = PBXBuildFile; fileRef = 2AC1C6F516F919DA00D58A53 /* CoreData.framework */; };
		2AC1C6F916F91D4900D58A53 /* BatteryGuardian.xcdatamodeld in Sources */ = {isa = PBXBuildFile; fileRef = 2AC1C6F716F91D4900D58A53 /* BatteryGuardian.xcdatamodeld */; };
		D30BE478171078D8006DB119 /* ViewCalendarsViewController.m in Sources */ = {isa = PBXBuildFile; fileRef = D30BE477171078D8006DB119 /* ViewCalendarsViewController.m */; };
		D30BE47B17107E0A006DB119 /* NotificationViewerViewController.m in Sources */ = {isa = PBXBuildFile; fileRef = D30BE47A17107E0A006DB119 /* NotificationViewerViewController.m */; };
		D395ABB91707F27800E1C752 /* EventKit.framework in Frameworks */ = {isa = PBXBuildFile; fileRef = D395ABB71707F27800E1C752 /* EventKit.framework */; };
		D395ABBA1707F27800E1C752 /* EventKitUI.framework in Frameworks */ = {isa = PBXBuildFile; fileRef = D395ABB81707F27800E1C752 /* EventKitUI.framework */; };
		D3A7FB9016F5817C006BA947 /* UIKit.framework in Frameworks */ = {isa = PBXBuildFile; fileRef = D3A7FB8F16F5817C006BA947 /* UIKit.framework */; };
		D3A7FB9216F5817C006BA947 /* Foundation.framework in Frameworks */ = {isa = PBXBuildFile; fileRef = D3A7FB9116F5817C006BA947 /* Foundation.framework */; };
		D3A7FB9416F5817C006BA947 /* CoreGraphics.framework in Frameworks */ = {isa = PBXBuildFile; fileRef = D3A7FB9316F5817C006BA947 /* CoreGraphics.framework */; };
		D3A7FB9A16F5817C006BA947 /* InfoPlist.strings in Resources */ = {isa = PBXBuildFile; fileRef = D3A7FB9816F5817C006BA947 /* InfoPlist.strings */; };
		D3A7FB9C16F5817C006BA947 /* main.m in Sources */ = {isa = PBXBuildFile; fileRef = D3A7FB9B16F5817C006BA947 /* main.m */; };
		D3A7FBA016F5817C006BA947 /* BatteryGuardianAppDelegate.m in Sources */ = {isa = PBXBuildFile; fileRef = D3A7FB9F16F5817C006BA947 /* BatteryGuardianAppDelegate.m */; };
		D3A7FBA216F5817C006BA947 /* Default.png in Resources */ = {isa = PBXBuildFile; fileRef = D3A7FBA116F5817C006BA947 /* Default.png */; };
		D3A7FBA416F5817C006BA947 /* Default@2x.png in Resources */ = {isa = PBXBuildFile; fileRef = D3A7FBA316F5817C006BA947 /* Default@2x.png */; };
		D3A7FBA616F5817C006BA947 /* Default-568h@2x.png in Resources */ = {isa = PBXBuildFile; fileRef = D3A7FBA516F5817C006BA947 /* Default-568h@2x.png */; };
		D3A7FBA916F5817C006BA947 /* MainStoryboard_iPhone.storyboard in Resources */ = {isa = PBXBuildFile; fileRef = D3A7FBA716F5817C006BA947 /* MainStoryboard_iPhone.storyboard */; };
		D3A7FBAC16F5817C006BA947 /* MainStoryboard_iPad.storyboard in Resources */ = {isa = PBXBuildFile; fileRef = D3A7FBAA16F5817C006BA947 /* MainStoryboard_iPad.storyboard */; };
		D3A7FBB116F5817C006BA947 /* first.png in Resources */ = {isa = PBXBuildFile; fileRef = D3A7FBB016F5817C006BA947 /* first.png */; };
		D3A7FBB316F5817C006BA947 /* first@2x.png in Resources */ = {isa = PBXBuildFile; fileRef = D3A7FBB216F5817C006BA947 /* first@2x.png */; };
		D3A7FBB816F5817C006BA947 /* second.png in Resources */ = {isa = PBXBuildFile; fileRef = D3A7FBB716F5817C006BA947 /* second.png */; };
		D3A7FBBA16F5817C006BA947 /* second@2x.png in Resources */ = {isa = PBXBuildFile; fileRef = D3A7FBB916F5817C006BA947 /* second@2x.png */; };
		D3A7FBC216F5817C006BA947 /* SenTestingKit.framework in Frameworks */ = {isa = PBXBuildFile; fileRef = D3A7FBC116F5817C006BA947 /* SenTestingKit.framework */; };
		D3A7FBC316F5817C006BA947 /* UIKit.framework in Frameworks */ = {isa = PBXBuildFile; fileRef = D3A7FB8F16F5817C006BA947 /* UIKit.framework */; };
		D3A7FBC416F5817C006BA947 /* Foundation.framework in Frameworks */ = {isa = PBXBuildFile; fileRef = D3A7FB9116F5817C006BA947 /* Foundation.framework */; };
		D3A7FBCC16F5817C006BA947 /* InfoPlist.strings in Resources */ = {isa = PBXBuildFile; fileRef = D3A7FBCA16F5817C006BA947 /* InfoPlist.strings */; };
		D3A7FBCF16F5817C006BA947 /* BatteryGuardianTests.m in Sources */ = {isa = PBXBuildFile; fileRef = D3A7FBCE16F5817C006BA947 /* BatteryGuardianTests.m */; };
		D3B5EE7616F587B90050F057 /* HomeViewController.m in Sources */ = {isa = PBXBuildFile; fileRef = D3B5EE7516F587B90050F057 /* HomeViewController.m */; };
		D3B5EE7916F587FE0050F057 /* AllBatteriesViewController.m in Sources */ = {isa = PBXBuildFile; fileRef = D3B5EE7816F587FE0050F057 /* AllBatteriesViewController.m */; };
		D3B5EE8516F589530050F057 /* MessageCenter.m in Sources */ = {isa = PBXBuildFile; fileRef = D3B5EE8416F589530050F057 /* MessageCenter.m */; };
		D3B5EE8816F58A300050F057 /* AddEditBatteryViewController.m in Sources */ = {isa = PBXBuildFile; fileRef = D3B5EE8716F58A300050F057 /* AddEditBatteryViewController.m */; };
		D3B983D3170F1DDE001B7297 /* hiddenViewViewController.m in Sources */ = {isa = PBXBuildFile; fileRef = D3B983D2170F1DDE001B7297 /* hiddenViewViewController.m */; };
		D3B983D5170F4EE5001B7297 /* Settings.bundle in Resources */ = {isa = PBXBuildFile; fileRef = D3B983D4170F4EE5001B7297 /* Settings.bundle */; };
		D3BBC7361708125100E6E4A2 /* 20-gear2.png in Resources */ = {isa = PBXBuildFile; fileRef = D3BBC7341708125100E6E4A2 /* 20-gear2.png */; };
		D3BBC7371708125100E6E4A2 /* 53-house.png in Resources */ = {isa = PBXBuildFile; fileRef = D3BBC7351708125100E6E4A2 /* 53-house.png */; };
		D3BBC7391708131800E6E4A2 /* 44-shoebox.png in Resources */ = {isa = PBXBuildFile; fileRef = D3BBC7381708131800E6E4A2 /* 44-shoebox.png */; };
		D3BBC73C1708771000E6E4A2 /* configManager.m in Sources */ = {isa = PBXBuildFile; fileRef = D3BBC73B1708771000E6E4A2 /* configManager.m */; };
		D3BBC74317095A4000E6E4A2 /* ConfigInfo.m in Sources */ = {isa = PBXBuildFile; fileRef = D3BBC74217095A4000E6E4A2 /* ConfigInfo.m */; };
		D3C7D8171707F9A400D06DB1 /* configViewController.m in Sources */ = {isa = PBXBuildFile; fileRef = D3C7D8161707F9A400D06DB1 /* configViewController.m */; };
		D3C7D82617080DEF00D06DB1 /* guardian.png in Resources */ = {isa = PBXBuildFile; fileRef = D3C7D82517080DEF00D06DB1 /* guardian.png */; };
		FEEA7E541703A8A4001AFE63 /* BatteryInfo.m in Sources */ = {isa = PBXBuildFile; fileRef = FEEA7E531703A8A4001AFE63 /* BatteryInfo.m */; };
		FEF78AC8170BBD79004C980A /* BatteryGuardianContext.m in Sources */ = {isa = PBXBuildFile; fileRef = FEF78AC7170BBD79004C980A /* BatteryGuardianContext.m */; };
/* End PBXBuildFile section */

/* Begin PBXContainerItemProxy section */
		D3A7FBC516F5817C006BA947 /* PBXContainerItemProxy */ = {
			isa = PBXContainerItemProxy;
			containerPortal = D3A7FB8416F5817C006BA947 /* Project object */;
			proxyType = 1;
			remoteGlobalIDString = D3A7FB8B16F5817C006BA947;
			remoteInfo = BatteryGuardian;
		};
/* End PBXContainerItemProxy section */

/* Begin PBXFileReference section */
		2AC1C6F516F919DA00D58A53 /* CoreData.framework */ = {isa = PBXFileReference; lastKnownFileType = wrapper.framework; name = CoreData.framework; path = System/Library/Frameworks/CoreData.framework; sourceTree = SDKROOT; };
		2AC1C6F816F91D4900D58A53 /* BatteryGuardian.xcdatamodel */ = {isa = PBXFileReference; lastKnownFileType = wrapper.xcdatamodel; path = BatteryGuardian.xcdatamodel; sourceTree = "<group>"; };
		D30BE476171078D8006DB119 /* ViewCalendarsViewController.h */ = {isa = PBXFileReference; fileEncoding = 4; lastKnownFileType = sourcecode.c.h; path = ViewCalendarsViewController.h; sourceTree = "<group>"; };
		D30BE477171078D8006DB119 /* ViewCalendarsViewController.m */ = {isa = PBXFileReference; fileEncoding = 4; lastKnownFileType = sourcecode.c.objc; path = ViewCalendarsViewController.m; sourceTree = "<group>"; };
		D30BE47917107E0A006DB119 /* NotificationViewerViewController.h */ = {isa = PBXFileReference; fileEncoding = 4; lastKnownFileType = sourcecode.c.h; path = NotificationViewerViewController.h; sourceTree = "<group>"; };
		D30BE47A17107E0A006DB119 /* NotificationViewerViewController.m */ = {isa = PBXFileReference; fileEncoding = 4; lastKnownFileType = sourcecode.c.objc; path = NotificationViewerViewController.m; sourceTree = "<group>"; };
		D395ABB71707F27800E1C752 /* EventKit.framework */ = {isa = PBXFileReference; lastKnownFileType = wrapper.framework; name = EventKit.framework; path = System/Library/Frameworks/EventKit.framework; sourceTree = SDKROOT; };
		D395ABB81707F27800E1C752 /* EventKitUI.framework */ = {isa = PBXFileReference; lastKnownFileType = wrapper.framework; name = EventKitUI.framework; path = System/Library/Frameworks/EventKitUI.framework; sourceTree = SDKROOT; };
		D3A7FB8C16F5817C006BA947 /* BatteryGuardian.app */ = {isa = PBXFileReference; explicitFileType = wrapper.application; includeInIndex = 0; path = BatteryGuardian.app; sourceTree = BUILT_PRODUCTS_DIR; };
		D3A7FB8F16F5817C006BA947 /* UIKit.framework */ = {isa = PBXFileReference; lastKnownFileType = wrapper.framework; name = UIKit.framework; path = System/Library/Frameworks/UIKit.framework; sourceTree = SDKROOT; };
		D3A7FB9116F5817C006BA947 /* Foundation.framework */ = {isa = PBXFileReference; lastKnownFileType = wrapper.framework; name = Foundation.framework; path = System/Library/Frameworks/Foundation.framework; sourceTree = SDKROOT; };
		D3A7FB9316F5817C006BA947 /* CoreGraphics.framework */ = {isa = PBXFileReference; lastKnownFileType = wrapper.framework; name = CoreGraphics.framework; path = System/Library/Frameworks/CoreGraphics.framework; sourceTree = SDKROOT; };
		D3A7FB9716F5817C006BA947 /* BatteryGuardian-Info.plist */ = {isa = PBXFileReference; lastKnownFileType = text.plist.xml; path = "BatteryGuardian-Info.plist"; sourceTree = "<group>"; };
		D3A7FB9916F5817C006BA947 /* en */ = {isa = PBXFileReference; lastKnownFileType = text.plist.strings; name = en; path = en.lproj/InfoPlist.strings; sourceTree = "<group>"; };
		D3A7FB9B16F5817C006BA947 /* main.m */ = {isa = PBXFileReference; lastKnownFileType = sourcecode.c.objc; path = main.m; sourceTree = "<group>"; };
		D3A7FB9D16F5817C006BA947 /* BatteryGuardian-Prefix.pch */ = {isa = PBXFileReference; lastKnownFileType = sourcecode.c.h; path = "BatteryGuardian-Prefix.pch"; sourceTree = "<group>"; };
		D3A7FB9E16F5817C006BA947 /* BatteryGuardianAppDelegate.h */ = {isa = PBXFileReference; lastKnownFileType = sourcecode.c.h; path = BatteryGuardianAppDelegate.h; sourceTree = "<group>"; };
		D3A7FB9F16F5817C006BA947 /* BatteryGuardianAppDelegate.m */ = {isa = PBXFileReference; lastKnownFileType = sourcecode.c.objc; path = BatteryGuardianAppDelegate.m; sourceTree = "<group>"; };
		D3A7FBA116F5817C006BA947 /* Default.png */ = {isa = PBXFileReference; lastKnownFileType = image.png; path = Default.png; sourceTree = "<group>"; };
		D3A7FBA316F5817C006BA947 /* Default@2x.png */ = {isa = PBXFileReference; lastKnownFileType = image.png; path = "Default@2x.png"; sourceTree = "<group>"; };
		D3A7FBA516F5817C006BA947 /* Default-568h@2x.png */ = {isa = PBXFileReference; lastKnownFileType = image.png; path = "Default-568h@2x.png"; sourceTree = "<group>"; };
		D3A7FBA816F5817C006BA947 /* en */ = {isa = PBXFileReference; lastKnownFileType = file.storyboard; name = en; path = en.lproj/MainStoryboard_iPhone.storyboard; sourceTree = "<group>"; };
		D3A7FBAB16F5817C006BA947 /* en */ = {isa = PBXFileReference; lastKnownFileType = file.storyboard; name = en; path = en.lproj/MainStoryboard_iPad.storyboard; sourceTree = "<group>"; };
		D3A7FBB016F5817C006BA947 /* first.png */ = {isa = PBXFileReference; lastKnownFileType = image.png; path = first.png; sourceTree = "<group>"; };
		D3A7FBB216F5817C006BA947 /* first@2x.png */ = {isa = PBXFileReference; lastKnownFileType = image.png; path = "first@2x.png"; sourceTree = "<group>"; };
		D3A7FBB716F5817C006BA947 /* second.png */ = {isa = PBXFileReference; lastKnownFileType = image.png; path = second.png; sourceTree = "<group>"; };
		D3A7FBB916F5817C006BA947 /* second@2x.png */ = {isa = PBXFileReference; lastKnownFileType = image.png; path = "second@2x.png"; sourceTree = "<group>"; };
		D3A7FBC016F5817C006BA947 /* BatteryGuardianTests.octest */ = {isa = PBXFileReference; explicitFileType = wrapper.cfbundle; includeInIndex = 0; path = BatteryGuardianTests.octest; sourceTree = BUILT_PRODUCTS_DIR; };
		D3A7FBC116F5817C006BA947 /* SenTestingKit.framework */ = {isa = PBXFileReference; lastKnownFileType = wrapper.framework; name = SenTestingKit.framework; path = Library/Frameworks/SenTestingKit.framework; sourceTree = DEVELOPER_DIR; };
		D3A7FBC916F5817C006BA947 /* BatteryGuardianTests-Info.plist */ = {isa = PBXFileReference; lastKnownFileType = text.plist.xml; path = "BatteryGuardianTests-Info.plist"; sourceTree = "<group>"; };
		D3A7FBCB16F5817C006BA947 /* en */ = {isa = PBXFileReference; lastKnownFileType = text.plist.strings; name = en; path = en.lproj/InfoPlist.strings; sourceTree = "<group>"; };
		D3A7FBCD16F5817C006BA947 /* BatteryGuardianTests.h */ = {isa = PBXFileReference; lastKnownFileType = sourcecode.c.h; path = BatteryGuardianTests.h; sourceTree = "<group>"; };
		D3A7FBCE16F5817C006BA947 /* BatteryGuardianTests.m */ = {isa = PBXFileReference; lastKnownFileType = sourcecode.c.objc; path = BatteryGuardianTests.m; sourceTree = "<group>"; };
		D3B5EE7416F587B90050F057 /* HomeViewController.h */ = {isa = PBXFileReference; fileEncoding = 4; lastKnownFileType = sourcecode.c.h; path = HomeViewController.h; sourceTree = "<group>"; };
		D3B5EE7516F587B90050F057 /* HomeViewController.m */ = {isa = PBXFileReference; fileEncoding = 4; lastKnownFileType = sourcecode.c.objc; path = HomeViewController.m; sourceTree = "<group>"; };
		D3B5EE7716F587FE0050F057 /* AllBatteriesViewController.h */ = {isa = PBXFileReference; fileEncoding = 4; lastKnownFileType = sourcecode.c.h; path = AllBatteriesViewController.h; sourceTree = "<group>"; };
		D3B5EE7816F587FE0050F057 /* AllBatteriesViewController.m */ = {isa = PBXFileReference; fileEncoding = 4; lastKnownFileType = sourcecode.c.objc; path = AllBatteriesViewController.m; sourceTree = "<group>"; };
		D3B5EE8316F589530050F057 /* MessageCenter.h */ = {isa = PBXFileReference; fileEncoding = 4; lastKnownFileType = sourcecode.c.h; path = MessageCenter.h; sourceTree = "<group>"; };
		D3B5EE8416F589530050F057 /* MessageCenter.m */ = {isa = PBXFileReference; fileEncoding = 4; lastKnownFileType = sourcecode.c.objc; path = MessageCenter.m; sourceTree = "<group>"; };
		D3B5EE8616F58A2F0050F057 /* AddEditBatteryViewController.h */ = {isa = PBXFileReference; fileEncoding = 4; lastKnownFileType = sourcecode.c.h; path = AddEditBatteryViewController.h; sourceTree = "<group>"; };
		D3B5EE8716F58A300050F057 /* AddEditBatteryViewController.m */ = {isa = PBXFileReference; fileEncoding = 4; lastKnownFileType = sourcecode.c.objc; path = AddEditBatteryViewController.m; sourceTree = "<group>"; };
		D3B983D1170F1DDE001B7297 /* hiddenViewViewController.h */ = {isa = PBXFileReference; fileEncoding = 4; lastKnownFileType = sourcecode.c.h; path = hiddenViewViewController.h; sourceTree = "<group>"; };
		D3B983D2170F1DDE001B7297 /* hiddenViewViewController.m */ = {isa = PBXFileReference; fileEncoding = 4; lastKnownFileType = sourcecode.c.objc; path = hiddenViewViewController.m; sourceTree = "<group>"; };
		D3B983D4170F4EE5001B7297 /* Settings.bundle */ = {isa = PBXFileReference; lastKnownFileType = "wrapper.plug-in"; path = Settings.bundle; sourceTree = "<group>"; };
		D3BBC7341708125100E6E4A2 /* 20-gear2.png */ = {isa = PBXFileReference; lastKnownFileType = image.png; path = "20-gear2.png"; sourceTree = "<group>"; };
		D3BBC7351708125100E6E4A2 /* 53-house.png */ = {isa = PBXFileReference; lastKnownFileType = image.png; path = "53-house.png"; sourceTree = "<group>"; };
		D3BBC7381708131800E6E4A2 /* 44-shoebox.png */ = {isa = PBXFileReference; lastKnownFileType = image.png; path = "44-shoebox.png"; sourceTree = "<group>"; };
		D3BBC73A1708771000E6E4A2 /* configManager.h */ = {isa = PBXFileReference; fileEncoding = 4; lastKnownFileType = sourcecode.c.h; path = configManager.h; sourceTree = "<group>"; };
		D3BBC73B1708771000E6E4A2 /* configManager.m */ = {isa = PBXFileReference; fileEncoding = 4; lastKnownFileType = sourcecode.c.objc; path = configManager.m; sourceTree = "<group>"; };
		D3BBC74117095A4000E6E4A2 /* ConfigInfo.h */ = {isa = PBXFileReference; fileEncoding = 4; lastKnownFileType = sourcecode.c.h; path = ConfigInfo.h; sourceTree = "<group>"; };
		D3BBC74217095A4000E6E4A2 /* ConfigInfo.m */ = {isa = PBXFileReference; fileEncoding = 4; lastKnownFileType = sourcecode.c.objc; path = ConfigInfo.m; sourceTree = "<group>"; };
		D3C7D8151707F9A400D06DB1 /* configViewController.h */ = {isa = PBXFileReference; fileEncoding = 4; lastKnownFileType = sourcecode.c.h; path = configViewController.h; sourceTree = "<group>"; };
		D3C7D8161707F9A400D06DB1 /* configViewController.m */ = {isa = PBXFileReference; fileEncoding = 4; lastKnownFileType = sourcecode.c.objc; path = configViewController.m; sourceTree = "<group>"; };
		D3C7D82517080DEF00D06DB1 /* guardian.png */ = {isa = PBXFileReference; lastKnownFileType = image.png; name = guardian.png; path = ../guardian.png; sourceTree = "<group>"; };
		FEEA7E521703A8A4001AFE63 /* BatteryInfo.h */ = {isa = PBXFileReference; fileEncoding = 4; lastKnownFileType = sourcecode.c.h; path = BatteryInfo.h; sourceTree = "<group>"; };
		FEEA7E531703A8A4001AFE63 /* BatteryInfo.m */ = {isa = PBXFileReference; fileEncoding = 4; lastKnownFileType = sourcecode.c.objc; path = BatteryInfo.m; sourceTree = "<group>"; };
		FEF78AC6170BBD79004C980A /* BatteryGuardianContext.h */ = {isa = PBXFileReference; fileEncoding = 4; lastKnownFileType = sourcecode.c.h; path = BatteryGuardianContext.h; sourceTree = "<group>"; };
		FEF78AC7170BBD79004C980A /* BatteryGuardianContext.m */ = {isa = PBXFileReference; fileEncoding = 4; lastKnownFileType = sourcecode.c.objc; path = BatteryGuardianContext.m; sourceTree = "<group>"; };
/* End PBXFileReference section */

/* Begin PBXFrameworksBuildPhase section */
		D3A7FB8916F5817C006BA947 /* Frameworks */ = {
			isa = PBXFrameworksBuildPhase;
			buildActionMask = 2147483647;
			files = (
				D395ABB91707F27800E1C752 /* EventKit.framework in Frameworks */,
				D395ABBA1707F27800E1C752 /* EventKitUI.framework in Frameworks */,
				2AC1C6F616F919DA00D58A53 /* CoreData.framework in Frameworks */,
				D3A7FB9016F5817C006BA947 /* UIKit.framework in Frameworks */,
				D3A7FB9216F5817C006BA947 /* Foundation.framework in Frameworks */,
				D3A7FB9416F5817C006BA947 /* CoreGraphics.framework in Frameworks */,
			);
			runOnlyForDeploymentPostprocessing = 0;
		};
		D3A7FBBC16F5817C006BA947 /* Frameworks */ = {
			isa = PBXFrameworksBuildPhase;
			buildActionMask = 2147483647;
			files = (
				D3A7FBC216F5817C006BA947 /* SenTestingKit.framework in Frameworks */,
				D3A7FBC316F5817C006BA947 /* UIKit.framework in Frameworks */,
				D3A7FBC416F5817C006BA947 /* Foundation.framework in Frameworks */,
			);
			runOnlyForDeploymentPostprocessing = 0;
		};
/* End PBXFrameworksBuildPhase section */

/* Begin PBXGroup section */
		D30BE48217110727006DB119 /* HiddenStuff */ = {
			isa = PBXGroup;
			children = (
				D3B983D1170F1DDE001B7297 /* hiddenViewViewController.h */,
				D3B983D2170F1DDE001B7297 /* hiddenViewViewController.m */,
				D30BE47917107E0A006DB119 /* NotificationViewerViewController.h */,
				D30BE47A17107E0A006DB119 /* NotificationViewerViewController.m */,
				D30BE476171078D8006DB119 /* ViewCalendarsViewController.h */,
				D30BE477171078D8006DB119 /* ViewCalendarsViewController.m */,
			);
			name = HiddenStuff;
			sourceTree = "<group>";
		};
		D3A7FB8316F5817C006BA947 = {
			isa = PBXGroup;
			children = (
				D3A7FB9516F5817C006BA947 /* BatteryGuardian */,
				D3A7FBC716F5817C006BA947 /* BatteryGuardianTests */,
				D3A7FB8E16F5817C006BA947 /* Frameworks */,
				D3A7FB8D16F5817C006BA947 /* Products */,
			);
			sourceTree = "<group>";
		};
		D3A7FB8D16F5817C006BA947 /* Products */ = {
			isa = PBXGroup;
			children = (
				D3A7FB8C16F5817C006BA947 /* BatteryGuardian.app */,
				D3A7FBC016F5817C006BA947 /* BatteryGuardianTests.octest */,
			);
			name = Products;
			sourceTree = "<group>";
		};
		D3A7FB8E16F5817C006BA947 /* Frameworks */ = {
			isa = PBXGroup;
			children = (
				D395ABB71707F27800E1C752 /* EventKit.framework */,
				D395ABB81707F27800E1C752 /* EventKitUI.framework */,
				2AC1C6F516F919DA00D58A53 /* CoreData.framework */,
				D3A7FB8F16F5817C006BA947 /* UIKit.framework */,
				D3A7FB9116F5817C006BA947 /* Foundation.framework */,
				D3A7FB9316F5817C006BA947 /* CoreGraphics.framework */,
				D3A7FBC116F5817C006BA947 /* SenTestingKit.framework */,
			);
			name = Frameworks;
			sourceTree = "<group>";
		};
		D3A7FB9516F5817C006BA947 /* BatteryGuardian */ = {
			isa = PBXGroup;
			children = (
				D30BE48217110727006DB119 /* HiddenStuff */,
				FEF78AC6170BBD79004C980A /* BatteryGuardianContext.h */,
				FEF78AC7170BBD79004C980A /* BatteryGuardianContext.m */,
				D3C7D818170804CB00D06DB1 /* Images */,
				D3A7FB9E16F5817C006BA947 /* BatteryGuardianAppDelegate.h */,
				D3A7FB9F16F5817C006BA947 /* BatteryGuardianAppDelegate.m */,
				D3A7FBA716F5817C006BA947 /* MainStoryboard_iPhone.storyboard */,
				D3B983D4170F4EE5001B7297 /* Settings.bundle */,
				D3C7D8151707F9A400D06DB1 /* configViewController.h */,
				D3C7D8161707F9A400D06DB1 /* configViewController.m */,
				D3B5EE8316F589530050F057 /* MessageCenter.h */,
				D3B5EE8416F589530050F057 /* MessageCenter.m */,
				D3B5EE8616F58A2F0050F057 /* AddEditBatteryViewController.h */,
				D3B5EE8716F58A300050F057 /* AddEditBatteryViewController.m */,
				D3B5EE7716F587FE0050F057 /* AllBatteriesViewController.h */,
				D3B5EE7816F587FE0050F057 /* AllBatteriesViewController.m */,
				D3B5EE7416F587B90050F057 /* HomeViewController.h */,
				D3B5EE7516F587B90050F057 /* HomeViewController.m */,
				D3A7FBAA16F5817C006BA947 /* MainStoryboard_iPad.storyboard */,
				D3A7FB9616F5817C006BA947 /* Supporting Files */,
				2AC1C6F716F91D4900D58A53 /* BatteryGuardian.xcdatamodeld */,
				D3BBC74117095A4000E6E4A2 /* ConfigInfo.h */,
				D3BBC74217095A4000E6E4A2 /* ConfigInfo.m */,
				FEEA7E521703A8A4001AFE63 /* BatteryInfo.h */,
				FEEA7E531703A8A4001AFE63 /* BatteryInfo.m */,
				D3BBC73A1708771000E6E4A2 /* configManager.h */,
				D3BBC73B1708771000E6E4A2 /* configManager.m */,
			);
			path = BatteryGuardian;
			sourceTree = "<group>";
		};
		D3A7FB9616F5817C006BA947 /* Supporting Files */ = {
			isa = PBXGroup;
			children = (
				D3A7FB9716F5817C006BA947 /* BatteryGuardian-Info.plist */,
				D3A7FB9816F5817C006BA947 /* InfoPlist.strings */,
				D3A7FB9B16F5817C006BA947 /* main.m */,
				D3A7FB9D16F5817C006BA947 /* BatteryGuardian-Prefix.pch */,
				D3A7FBA116F5817C006BA947 /* Default.png */,
				D3A7FBA316F5817C006BA947 /* Default@2x.png */,
				D3A7FBA516F5817C006BA947 /* Default-568h@2x.png */,
			);
			name = "Supporting Files";
			sourceTree = "<group>";
		};
		D3A7FBC716F5817C006BA947 /* BatteryGuardianTests */ = {
			isa = PBXGroup;
			children = (
				D3A7FBCD16F5817C006BA947 /* BatteryGuardianTests.h */,
				D3A7FBCE16F5817C006BA947 /* BatteryGuardianTests.m */,
				D3A7FBC816F5817C006BA947 /* Supporting Files */,
			);
			path = BatteryGuardianTests;
			sourceTree = "<group>";
		};
		D3A7FBC816F5817C006BA947 /* Supporting Files */ = {
			isa = PBXGroup;
			children = (
				D3A7FBC916F5817C006BA947 /* BatteryGuardianTests-Info.plist */,
				D3A7FBCA16F5817C006BA947 /* InfoPlist.strings */,
			);
			name = "Supporting Files";
			sourceTree = "<group>";
		};
		D3C7D818170804CB00D06DB1 /* Images */ = {
			isa = PBXGroup;
			children = (
				D3BBC7381708131800E6E4A2 /* 44-shoebox.png */,
				D3BBC7341708125100E6E4A2 /* 20-gear2.png */,
				D3BBC7351708125100E6E4A2 /* 53-house.png */,
				D3C7D82517080DEF00D06DB1 /* guardian.png */,
				D3A7FBB016F5817C006BA947 /* first.png */,
				D3A7FBB216F5817C006BA947 /* first@2x.png */,
				D3A7FBB716F5817C006BA947 /* second.png */,
				D3A7FBB916F5817C006BA947 /* second@2x.png */,
			);
			name = Images;
			sourceTree = "<group>";
		};
/* End PBXGroup section */

/* Begin PBXNativeTarget section */
		D3A7FB8B16F5817C006BA947 /* BatteryGuardian */ = {
			isa = PBXNativeTarget;
			buildConfigurationList = D3A7FBD216F5817C006BA947 /* Build configuration list for PBXNativeTarget "BatteryGuardian" */;
			buildPhases = (
				D3A7FB8816F5817C006BA947 /* Sources */,
				D3A7FB8916F5817C006BA947 /* Frameworks */,
				D3A7FB8A16F5817C006BA947 /* Resources */,
			);
			buildRules = (
			);
			dependencies = (
			);
			name = BatteryGuardian;
			productName = BatteryGuardian;
			productReference = D3A7FB8C16F5817C006BA947 /* BatteryGuardian.app */;
			productType = "com.apple.product-type.application";
		};
		D3A7FBBF16F5817C006BA947 /* BatteryGuardianTests */ = {
			isa = PBXNativeTarget;
			buildConfigurationList = D3A7FBD516F5817C006BA947 /* Build configuration list for PBXNativeTarget "BatteryGuardianTests" */;
			buildPhases = (
				D3A7FBBB16F5817C006BA947 /* Sources */,
				D3A7FBBC16F5817C006BA947 /* Frameworks */,
				D3A7FBBD16F5817C006BA947 /* Resources */,
				D3A7FBBE16F5817C006BA947 /* ShellScript */,
			);
			buildRules = (
			);
			dependencies = (
				D3A7FBC616F5817C006BA947 /* PBXTargetDependency */,
			);
			name = BatteryGuardianTests;
			productName = BatteryGuardianTests;
			productReference = D3A7FBC016F5817C006BA947 /* BatteryGuardianTests.octest */;
			productType = "com.apple.product-type.bundle";
		};
/* End PBXNativeTarget section */

/* Begin PBXProject section */
		D3A7FB8416F5817C006BA947 /* Project object */ = {
			isa = PBXProject;
			attributes = {
				CLASSPREFIX = BatteryGuardian;
				LastUpgradeCheck = 0460;
			};
			buildConfigurationList = D3A7FB8716F5817C006BA947 /* Build configuration list for PBXProject "BatteryGuardian" */;
			compatibilityVersion = "Xcode 3.2";
			developmentRegion = English;
			hasScannedForEncodings = 0;
			knownRegions = (
				en,
			);
			mainGroup = D3A7FB8316F5817C006BA947;
			productRefGroup = D3A7FB8D16F5817C006BA947 /* Products */;
			projectDirPath = "";
			projectRoot = "";
			targets = (
				D3A7FB8B16F5817C006BA947 /* BatteryGuardian */,
				D3A7FBBF16F5817C006BA947 /* BatteryGuardianTests */,
			);
		};
/* End PBXProject section */

/* Begin PBXResourcesBuildPhase section */
		D3A7FB8A16F5817C006BA947 /* Resources */ = {
			isa = PBXResourcesBuildPhase;
			buildActionMask = 2147483647;
			files = (
				D3A7FB9A16F5817C006BA947 /* InfoPlist.strings in Resources */,
				D3A7FBA216F5817C006BA947 /* Default.png in Resources */,
				D3A7FBA416F5817C006BA947 /* Default@2x.png in Resources */,
				D3A7FBA616F5817C006BA947 /* Default-568h@2x.png in Resources */,
				D3A7FBA916F5817C006BA947 /* MainStoryboard_iPhone.storyboard in Resources */,
				D3A7FBAC16F5817C006BA947 /* MainStoryboard_iPad.storyboard in Resources */,
				D3A7FBB116F5817C006BA947 /* first.png in Resources */,
				D3A7FBB316F5817C006BA947 /* first@2x.png in Resources */,
				D3A7FBB816F5817C006BA947 /* second.png in Resources */,
				D3A7FBBA16F5817C006BA947 /* second@2x.png in Resources */,
				D3C7D82617080DEF00D06DB1 /* guardian.png in Resources */,
				D3BBC7361708125100E6E4A2 /* 20-gear2.png in Resources */,
				D3BBC7371708125100E6E4A2 /* 53-house.png in Resources */,
				D3BBC7391708131800E6E4A2 /* 44-shoebox.png in Resources */,
				D3B983D5170F4EE5001B7297 /* Settings.bundle in Resources */,
			);
			runOnlyForDeploymentPostprocessing = 0;
		};
		D3A7FBBD16F5817C006BA947 /* Resources */ = {
			isa = PBXResourcesBuildPhase;
			buildActionMask = 2147483647;
			files = (
				D3A7FBCC16F5817C006BA947 /* InfoPlist.strings in Resources */,
			);
			runOnlyForDeploymentPostprocessing = 0;
		};
/* End PBXResourcesBuildPhase section */

/* Begin PBXShellScriptBuildPhase section */
		D3A7FBBE16F5817C006BA947 /* ShellScript */ = {
			isa = PBXShellScriptBuildPhase;
			buildActionMask = 2147483647;
			files = (
			);
			inputPaths = (
			);
			outputPaths = (
			);
			runOnlyForDeploymentPostprocessing = 0;
			shellPath = /bin/sh;
			shellScript = "# Run the unit tests in this test bundle.\n\"${SYSTEM_DEVELOPER_DIR}/Tools/RunUnitTests\"\n";
		};
/* End PBXShellScriptBuildPhase section */

/* Begin PBXSourcesBuildPhase section */
		D3A7FB8816F5817C006BA947 /* Sources */ = {
			isa = PBXSourcesBuildPhase;
			buildActionMask = 2147483647;
			files = (
				D3A7FB9C16F5817C006BA947 /* main.m in Sources */,
				D3A7FBA016F5817C006BA947 /* BatteryGuardianAppDelegate.m in Sources */,
				D3B5EE7616F587B90050F057 /* HomeViewController.m in Sources */,
				D3B5EE7916F587FE0050F057 /* AllBatteriesViewController.m in Sources */,
				D3B5EE8516F589530050F057 /* MessageCenter.m in Sources */,
				D3B5EE8816F58A300050F057 /* AddEditBatteryViewController.m in Sources */,
				2AC1C6F916F91D4900D58A53 /* BatteryGuardian.xcdatamodeld in Sources */,
				FEEA7E541703A8A4001AFE63 /* BatteryInfo.m in Sources */,
				D3C7D8171707F9A400D06DB1 /* configViewController.m in Sources */,
				D3BBC73C1708771000E6E4A2 /* configManager.m in Sources */,
				D3BBC74317095A4000E6E4A2 /* ConfigInfo.m in Sources */,
				FEF78AC8170BBD79004C980A /* BatteryGuardianContext.m in Sources */,
				D3B983D3170F1DDE001B7297 /* hiddenViewViewController.m in Sources */,
				D30BE478171078D8006DB119 /* ViewCalendarsViewController.m in Sources */,
				D30BE47B17107E0A006DB119 /* NotificationViewerViewController.m in Sources */,
			);
			runOnlyForDeploymentPostprocessing = 0;
		};
		D3A7FBBB16F5817C006BA947 /* Sources */ = {
			isa = PBXSourcesBuildPhase;
			buildActionMask = 2147483647;
			files = (
				D3A7FBCF16F5817C006BA947 /* BatteryGuardianTests.m in Sources */,
			);
			runOnlyForDeploymentPostprocessing = 0;
		};
/* End PBXSourcesBuildPhase section */

/* Begin PBXTargetDependency section */
		D3A7FBC616F5817C006BA947 /* PBXTargetDependency */ = {
			isa = PBXTargetDependency;
			target = D3A7FB8B16F5817C006BA947 /* BatteryGuardian */;
			targetProxy = D3A7FBC516F5817C006BA947 /* PBXContainerItemProxy */;
		};
/* End PBXTargetDependency section */

/* Begin PBXVariantGroup section */
		D3A7FB9816F5817C006BA947 /* InfoPlist.strings */ = {
			isa = PBXVariantGroup;
			children = (
				D3A7FB9916F5817C006BA947 /* en */,
			);
			name = InfoPlist.strings;
			sourceTree = "<group>";
		};
		D3A7FBA716F5817C006BA947 /* MainStoryboard_iPhone.storyboard */ = {
			isa = PBXVariantGroup;
			children = (
				D3A7FBA816F5817C006BA947 /* en */,
			);
			name = MainStoryboard_iPhone.storyboard;
			sourceTree = "<group>";
		};
		D3A7FBAA16F5817C006BA947 /* MainStoryboard_iPad.storyboard */ = {
			isa = PBXVariantGroup;
			children = (
				D3A7FBAB16F5817C006BA947 /* en */,
			);
			name = MainStoryboard_iPad.storyboard;
			sourceTree = "<group>";
		};
		D3A7FBCA16F5817C006BA947 /* InfoPlist.strings */ = {
			isa = PBXVariantGroup;
			children = (
				D3A7FBCB16F5817C006BA947 /* en */,
			);
			name = InfoPlist.strings;
			sourceTree = "<group>";
		};
/* End PBXVariantGroup section */

/* Begin XCBuildConfiguration section */
		D3A7FBD016F5817C006BA947 /* Debug */ = {
			isa = XCBuildConfiguration;
			buildSettings = {
				ALWAYS_SEARCH_USER_PATHS = NO;
				CLANG_CXX_LANGUAGE_STANDARD = "gnu++0x";
				CLANG_CXX_LIBRARY = "libc++";
				CLANG_ENABLE_OBJC_ARC = YES;
				CLANG_WARN_CONSTANT_CONVERSION = YES;
				CLANG_WARN_EMPTY_BODY = YES;
				CLANG_WARN_ENUM_CONVERSION = YES;
				CLANG_WARN_INT_CONVERSION = YES;
				CLANG_WARN__DUPLICATE_METHOD_MATCH = YES;
				"CODE_SIGN_IDENTITY[sdk=iphoneos*]" = "iPhone Developer";
				COPY_PHASE_STRIP = NO;
				GCC_C_LANGUAGE_STANDARD = gnu99;
				GCC_DYNAMIC_NO_PIC = NO;
				GCC_OPTIMIZATION_LEVEL = 0;
				GCC_PREPROCESSOR_DEFINITIONS = (
					"DEBUG=1",
					"$(inherited)",
				);
				GCC_SYMBOLS_PRIVATE_EXTERN = NO;
				GCC_WARN_ABOUT_RETURN_TYPE = YES;
				GCC_WARN_UNINITIALIZED_AUTOS = YES;
				GCC_WARN_UNUSED_VARIABLE = YES;
				IPHONEOS_DEPLOYMENT_TARGET = 6.1;
				ONLY_ACTIVE_ARCH = YES;
				SDKROOT = iphoneos;
				TARGETED_DEVICE_FAMILY = "1,2";
			};
			name = Debug;
		};
		D3A7FBD116F5817C006BA947 /* Release */ = {
			isa = XCBuildConfiguration;
			buildSettings = {
				ALWAYS_SEARCH_USER_PATHS = NO;
				CLANG_CXX_LANGUAGE_STANDARD = "gnu++0x";
				CLANG_CXX_LIBRARY = "libc++";
				CLANG_ENABLE_OBJC_ARC = YES;
				CLANG_WARN_CONSTANT_CONVERSION = YES;
				CLANG_WARN_EMPTY_BODY = YES;
				CLANG_WARN_ENUM_CONVERSION = YES;
				CLANG_WARN_INT_CONVERSION = YES;
				CLANG_WARN__DUPLICATE_METHOD_MATCH = YES;
				"CODE_SIGN_IDENTITY[sdk=iphoneos*]" = "iPhone Developer";
				COPY_PHASE_STRIP = YES;
				GCC_C_LANGUAGE_STANDARD = gnu99;
				GCC_WARN_ABOUT_RETURN_TYPE = YES;
				GCC_WARN_UNINITIALIZED_AUTOS = YES;
				GCC_WARN_UNUSED_VARIABLE = YES;
				IPHONEOS_DEPLOYMENT_TARGET = 6.1;
				OTHER_CFLAGS = "-DNS_BLOCK_ASSERTIONS=1";
				SDKROOT = iphoneos;
				TARGETED_DEVICE_FAMILY = "1,2";
				VALIDATE_PRODUCT = YES;
			};
			name = Release;
		};
		D3A7FBD316F5817C006BA947 /* Debug */ = {
			isa = XCBuildConfiguration;
			buildSettings = {
				GCC_PRECOMPILE_PREFIX_HEADER = YES;
				GCC_PREFIX_HEADER = "BatteryGuardian/BatteryGuardian-Prefix.pch";
				INFOPLIST_FILE = "BatteryGuardian/BatteryGuardian-Info.plist";
				PRODUCT_NAME = "$(TARGET_NAME)";
				WRAPPER_EXTENSION = app;
			};
			name = Debug;
		};
		D3A7FBD416F5817C006BA947 /* Release */ = {
			isa = XCBuildConfiguration;
			buildSettings = {
				GCC_PRECOMPILE_PREFIX_HEADER = YES;
				GCC_PREFIX_HEADER = "BatteryGuardian/BatteryGuardian-Prefix.pch";
				INFOPLIST_FILE = "BatteryGuardian/BatteryGuardian-Info.plist";
				PRODUCT_NAME = "$(TARGET_NAME)";
				WRAPPER_EXTENSION = app;
			};
			name = Release;
		};
		D3A7FBD616F5817C006BA947 /* Debug */ = {
			isa = XCBuildConfiguration;
			buildSettings = {
				BUNDLE_LOADER = "$(BUILT_PRODUCTS_DIR)/BatteryGuardian.app/BatteryGuardian";
				FRAMEWORK_SEARCH_PATHS = (
					"\"$(SDKROOT)/Developer/Library/Frameworks\"",
					"\"$(DEVELOPER_LIBRARY_DIR)/Frameworks\"",
				);
				GCC_PRECOMPILE_PREFIX_HEADER = YES;
				GCC_PREFIX_HEADER = "BatteryGuardian/BatteryGuardian-Prefix.pch";
				INFOPLIST_FILE = "BatteryGuardianTests/BatteryGuardianTests-Info.plist";
				PRODUCT_NAME = "$(TARGET_NAME)";
				TEST_HOST = "$(BUNDLE_LOADER)";
				WRAPPER_EXTENSION = octest;
			};
			name = Debug;
		};
		D3A7FBD716F5817C006BA947 /* Release */ = {
			isa = XCBuildConfiguration;
			buildSettings = {
				BUNDLE_LOADER = "$(BUILT_PRODUCTS_DIR)/BatteryGuardian.app/BatteryGuardian";
				FRAMEWORK_SEARCH_PATHS = (
					"\"$(SDKROOT)/Developer/Library/Frameworks\"",
					"\"$(DEVELOPER_LIBRARY_DIR)/Frameworks\"",
				);
				GCC_PRECOMPILE_PREFIX_HEADER = YES;
				GCC_PREFIX_HEADER = "BatteryGuardian/BatteryGuardian-Prefix.pch";
				INFOPLIST_FILE = "BatteryGuardianTests/BatteryGuardianTests-Info.plist";
				PRODUCT_NAME = "$(TARGET_NAME)";
				TEST_HOST = "$(BUNDLE_LOADER)";
				WRAPPER_EXTENSION = octest;
			};
			name = Release;
		};
/* End XCBuildConfiguration section */

/* Begin XCConfigurationList section */
		D3A7FB8716F5817C006BA947 /* Build configuration list for PBXProject "BatteryGuardian" */ = {
			isa = XCConfigurationList;
			buildConfigurations = (
				D3A7FBD016F5817C006BA947 /* Debug */,
				D3A7FBD116F5817C006BA947 /* Release */,
			);
			defaultConfigurationIsVisible = 0;
			defaultConfigurationName = Release;
		};
		D3A7FBD216F5817C006BA947 /* Build configuration list for PBXNativeTarget "BatteryGuardian" */ = {
			isa = XCConfigurationList;
			buildConfigurations = (
				D3A7FBD316F5817C006BA947 /* Debug */,
				D3A7FBD416F5817C006BA947 /* Release */,
			);
			defaultConfigurationIsVisible = 0;
			defaultConfigurationName = Release;
		};
		D3A7FBD516F5817C006BA947 /* Build configuration list for PBXNativeTarget "BatteryGuardianTests" */ = {
			isa = XCConfigurationList;
			buildConfigurations = (
				D3A7FBD616F5817C006BA947 /* Debug */,
				D3A7FBD716F5817C006BA947 /* Release */,
			);
			defaultConfigurationIsVisible = 0;
			defaultConfigurationName = Release;
		};
/* End XCConfigurationList section */

/* Begin XCVersionGroup section */
		2AC1C6F716F91D4900D58A53 /* BatteryGuardian.xcdatamodeld */ = {
			isa = XCVersionGroup;
			children = (
				2AC1C6F816F91D4900D58A53 /* BatteryGuardian.xcdatamodel */,
			);
			currentVersion = 2AC1C6F816F91D4900D58A53 /* BatteryGuardian.xcdatamodel */;
			path = BatteryGuardian.xcdatamodeld;
			sourceTree = "<group>";
			versionGroupType = wrapper.xcdatamodel;
		};
/* End XCVersionGroup section */
	};
	rootObject = D3A7FB8416F5817C006BA947 /* Project object */;
}
